
Microsoft Visual Studio Solution File, Format Version 12.00
# Visual Studio Version 16
VisualStudioVersion = 16.0.31313.79
MinimumVisualStudioVersion = 10.0.40219.1
Project("{FAE04EC0-301F-11D3-BF4B-00C04F79EFBC}") = "Task1", "Task1\Task1.csproj", "{675077BD-9F38-4802-B01E-66D4FA63C1B5}"
EndProject
Project("{FAE04EC0-301F-11D3-BF4B-00C04F79EFBC}") = "Task2", "Task2\Task2.csproj", "{22DBCF98-9D7B-4EA5-9814-48826023DF3E}"
EndProject
Project("{FAE04EC0-301F-11D3-BF4B-00C04F79EFBC}") = "Task3", "Task3\Task3.csproj", "{9E0A7223-3943-4707-9F8F-78070B87508B}"
EndProject
Project("{FAE04EC0-301F-11D3-BF4B-00C04F79EFBC}") = "Task4", "Task4\Task4.csproj", "{E8B3B67B-1738-4106-8AF1-1F105F352A00}"
EndProject
Global
	GlobalSection(SolutionConfigurationPlatforms) = preSolution
		Debug|Any CPU = Debug|Any CPU
		Release|Any CPU = Release|Any CPU
	EndGlobalSection
	GlobalSection(ProjectConfigurationPlatforms) = postSolution
		{675077BD-9F38-4802-B01E-66D4FA63C1B5}.Debug|Any CPU.ActiveCfg = Debug|Any CPU
		{675077BD-9F38-4802-B01E-66D4FA63C1B5}.Debug|Any CPU.Build.0 = Debug|Any CPU
		{675077BD-9F38-4802-B01E-66D4FA63C1B5}.Release|Any CPU.ActiveCfg = Release|Any CPU
		{675077BD-9F38-4802-B01E-66D4FA63C1B5}.Release|Any CPU.Build.0 = Release|Any CPU
		{22DBCF98-9D7B-4EA5-9814-48826023DF3E}.Debug|Any CPU.ActiveCfg = Debug|Any CPU
		{22DBCF98-9D7B-4EA5-9814-48826023DF3E}.Debug|Any CPU.Build.0 = Debug|Any CPU
		{22DBCF98-9D7B-4EA5-9814-48826023DF3E}.Release|Any CPU.ActiveCfg = Release|Any CPU
		{22DBCF98-9D7B-4EA5-9814-48826023DF3E}.Release|Any CPU.Build.0 = Release|Any CPU
		{9E0A7223-3943-4707-9F8F-78070B87508B}.Debug|Any CPU.ActiveCfg = Debug|Any CPU
		{9E0A7223-3943-4707-9F8F-78070B87508B}.Debug|Any CPU.Build.0 = Debug|Any CPU
		{9E0A7223-3943-4707-9F8F-78070B87508B}.Release|Any CPU.ActiveCfg = Release|Any CPU
		{9E0A7223-3943-4707-9F8F-78070B87508B}.Release|Any CPU.Build.0 = Release|Any CPU
		{E8B3B67B-1738-4106-8AF1-1F105F352A00}.Debug|Any CPU.ActiveCfg = Debug|Any CPU
		{E8B3B67B-1738-4106-8AF1-1F105F352A00}.Debug|Any CPU.Build.0 = Debug|Any CPU
		{E8B3B67B-1738-4106-8AF1-1F105F352A00}.Release|Any CPU.ActiveCfg = Release|Any CPU
		{E8B3B67B-1738-4106-8AF1-1F105F352A00}.Release|Any CPU.Build.0 = Release|Any CPU
	EndGlobalSection
	GlobalSection(SolutionProperties) = preSolution
		HideSolutionNode = FALSE
	EndGlobalSection
	GlobalSection(ExtensibilityGlobals) = postSolution
		SolutionGuid = {22A036B4-9361-45E9-B0EF-07FBC7289D32}
	EndGlobalSection
EndGlobal
