
Microsoft Visual Studio Solution File, Format Version 12.00
# Visual Studio Version 16
VisualStudioVersion = 16.0.31019.35
MinimumVisualStudioVersion = 10.0.40219.1
Project("{9A19103F-16F7-4668-BE54-9A1E7A4F7556}") = "Task1", "Task1\Task1.csproj", "{090C7FCA-9E25-4718-B0CC-68DAE9813728}"
EndProject
Project("{FAE04EC0-301F-11D3-BF4B-00C04F79EFBC}") = "Task2", "Task2\Task2.csproj", "{094CC754-FB37-4952-B1D1-2ED45DC15CBE}"
EndProject
Global
	GlobalSection(SolutionConfigurationPlatforms) = preSolution
		Debug|Any CPU = Debug|Any CPU
		Release|Any CPU = Release|Any CPU
	EndGlobalSection
	GlobalSection(ProjectConfigurationPlatforms) = postSolution
		{090C7FCA-9E25-4718-B0CC-68DAE9813728}.Debug|Any CPU.ActiveCfg = Debug|Any CPU
		{090C7FCA-9E25-4718-B0CC-68DAE9813728}.Debug|Any CPU.Build.0 = Debug|Any CPU
		{090C7FCA-9E25-4718-B0CC-68DAE9813728}.Release|Any CPU.ActiveCfg = Release|Any CPU
		{090C7FCA-9E25-4718-B0CC-68DAE9813728}.Release|Any CPU.Build.0 = Release|Any CPU
		{094CC754-FB37-4952-B1D1-2ED45DC15CBE}.Debug|Any CPU.ActiveCfg = Debug|Any CPU
		{094CC754-FB37-4952-B1D1-2ED45DC15CBE}.Debug|Any CPU.Build.0 = Debug|Any CPU
		{094CC754-FB37-4952-B1D1-2ED45DC15CBE}.Release|Any CPU.ActiveCfg = Release|Any CPU
		{094CC754-FB37-4952-B1D1-2ED45DC15CBE}.Release|Any CPU.Build.0 = Release|Any CPU
	EndGlobalSection
	GlobalSection(SolutionProperties) = preSolution
		HideSolutionNode = FALSE
	EndGlobalSection
	GlobalSection(ExtensibilityGlobals) = postSolution
		SolutionGuid = {C65C764A-E03F-4526-AB92-E8A5BD563D68}
	EndGlobalSection
EndGlobal
