
Microsoft Visual Studio Solution File, Format Version 12.00
# Visual Studio Version 16
VisualStudioVersion = 16.0.31313.79
MinimumVisualStudioVersion = 10.0.40219.1
Project("{FAE04EC0-301F-11D3-BF4B-00C04F79EFBC}") = "UsersAndAwards", "UsersAndAwards\UsersAndAwards.csproj", "{60F48ABD-35A0-468B-9497-86D742F9BFAA}"
EndProject
Global
	GlobalSection(SolutionConfigurationPlatforms) = preSolution
		Debug|Any CPU = Debug|Any CPU
		Release|Any CPU = Release|Any CPU
	EndGlobalSection
	GlobalSection(ProjectConfigurationPlatforms) = postSolution
		{60F48ABD-35A0-468B-9497-86D742F9BFAA}.Debug|Any CPU.ActiveCfg = Debug|Any CPU
		{60F48ABD-35A0-468B-9497-86D742F9BFAA}.Debug|Any CPU.Build.0 = Debug|Any CPU
		{60F48ABD-35A0-468B-9497-86D742F9BFAA}.Release|Any CPU.ActiveCfg = Release|Any CPU
		{60F48ABD-35A0-468B-9497-86D742F9BFAA}.Release|Any CPU.Build.0 = Release|Any CPU
	EndGlobalSection
	GlobalSection(SolutionProperties) = preSolution
		HideSolutionNode = FALSE
	EndGlobalSection
	GlobalSection(ExtensibilityGlobals) = postSolution
		SolutionGuid = {D0303C4D-59E3-4654-87F1-02D08C44289D}
	EndGlobalSection
EndGlobal
