
Microsoft Visual Studio Solution File, Format Version 12.00
# Visual Studio Version 16
VisualStudioVersion = 16.0.31313.79
MinimumVisualStudioVersion = 10.0.40219.1
Project("{FAE04EC0-301F-11D3-BF4B-00C04F79EFBC}") = "Task1", "Task1\Task1.csproj", "{9E3CED24-3ACC-49BA-980A-9DD73E010593}"
EndProject
Project("{FAE04EC0-301F-11D3-BF4B-00C04F79EFBC}") = "Task2", "Task2\Task2.csproj", "{F47CE72B-77AE-4ABA-B0C9-6FE840CFEDEB}"
EndProject
Project("{FAE04EC0-301F-11D3-BF4B-00C04F79EFBC}") = "Task3", "Task3\Task3.csproj", "{E83CB518-B0C2-4FFB-9126-B9BE3AE049E0}"
EndProject
Project("{FAE04EC0-301F-11D3-BF4B-00C04F79EFBC}") = "Task4", "Task4\Task4.csproj", "{04B0CDD3-31EC-45BE-95BC-B47093DF3388}"
EndProject
Project("{FAE04EC0-301F-11D3-BF4B-00C04F79EFBC}") = "Task5", "Task5\Task5.csproj", "{8F9EEDDE-FE3E-4372-970A-66AA83CAB22F}"
EndProject
Global
	GlobalSection(SolutionConfigurationPlatforms) = preSolution
		Debug|Any CPU = Debug|Any CPU
		Release|Any CPU = Release|Any CPU
	EndGlobalSection
	GlobalSection(ProjectConfigurationPlatforms) = postSolution
		{9E3CED24-3ACC-49BA-980A-9DD73E010593}.Debug|Any CPU.ActiveCfg = Debug|Any CPU
		{9E3CED24-3ACC-49BA-980A-9DD73E010593}.Debug|Any CPU.Build.0 = Debug|Any CPU
		{9E3CED24-3ACC-49BA-980A-9DD73E010593}.Release|Any CPU.ActiveCfg = Release|Any CPU
		{9E3CED24-3ACC-49BA-980A-9DD73E010593}.Release|Any CPU.Build.0 = Release|Any CPU
		{F47CE72B-77AE-4ABA-B0C9-6FE840CFEDEB}.Debug|Any CPU.ActiveCfg = Debug|Any CPU
		{F47CE72B-77AE-4ABA-B0C9-6FE840CFEDEB}.Debug|Any CPU.Build.0 = Debug|Any CPU
		{F47CE72B-77AE-4ABA-B0C9-6FE840CFEDEB}.Release|Any CPU.ActiveCfg = Release|Any CPU
		{F47CE72B-77AE-4ABA-B0C9-6FE840CFEDEB}.Release|Any CPU.Build.0 = Release|Any CPU
		{E83CB518-B0C2-4FFB-9126-B9BE3AE049E0}.Debug|Any CPU.ActiveCfg = Debug|Any CPU
		{E83CB518-B0C2-4FFB-9126-B9BE3AE049E0}.Debug|Any CPU.Build.0 = Debug|Any CPU
		{E83CB518-B0C2-4FFB-9126-B9BE3AE049E0}.Release|Any CPU.ActiveCfg = Release|Any CPU
		{E83CB518-B0C2-4FFB-9126-B9BE3AE049E0}.Release|Any CPU.Build.0 = Release|Any CPU
		{04B0CDD3-31EC-45BE-95BC-B47093DF3388}.Debug|Any CPU.ActiveCfg = Debug|Any CPU
		{04B0CDD3-31EC-45BE-95BC-B47093DF3388}.Debug|Any CPU.Build.0 = Debug|Any CPU
		{04B0CDD3-31EC-45BE-95BC-B47093DF3388}.Release|Any CPU.ActiveCfg = Release|Any CPU
		{04B0CDD3-31EC-45BE-95BC-B47093DF3388}.Release|Any CPU.Build.0 = Release|Any CPU
		{8F9EEDDE-FE3E-4372-970A-66AA83CAB22F}.Debug|Any CPU.ActiveCfg = Debug|Any CPU
		{8F9EEDDE-FE3E-4372-970A-66AA83CAB22F}.Debug|Any CPU.Build.0 = Debug|Any CPU
		{8F9EEDDE-FE3E-4372-970A-66AA83CAB22F}.Release|Any CPU.ActiveCfg = Release|Any CPU
		{8F9EEDDE-FE3E-4372-970A-66AA83CAB22F}.Release|Any CPU.Build.0 = Release|Any CPU
	EndGlobalSection
	GlobalSection(SolutionProperties) = preSolution
		HideSolutionNode = FALSE
	EndGlobalSection
	GlobalSection(ExtensibilityGlobals) = postSolution
		SolutionGuid = {110CD06B-40D7-4544-92E4-22C591B303D5}
	EndGlobalSection
EndGlobal
